
Microsoft Visual Studio Solution File, Format Version 12.00
# Visual Studio Version 16
VisualStudioVersion = 16.0.31205.134
MinimumVisualStudioVersion = 10.0.40219.1
Project("{8BC9CEB8-8B4A-11D0-8D11-00A0C91BC942}") = "2Dgame_MetalSlugAttack", "2Dgame_MetalSlugAttack\2Dgame_MetalSlugAttack.vcxproj", "{BBAA95F8-8743-41AC-91FF-ECF39394B3AD}"
EndProject
Global
	GlobalSection(SolutionConfigurationPlatforms) = preSolution
		Debug|x64 = Debug|x64
		Debug|x86 = Debug|x86
		Release|x64 = Release|x64
		Release|x86 = Release|x86
	EndGlobalSection
	GlobalSection(ProjectConfigurationPlatforms) = postSolution
		{BBAA95F8-8743-41AC-91FF-ECF39394B3AD}.Debug|x64.ActiveCfg = Debug|x64
		{BBAA95F8-8743-41AC-91FF-ECF39394B3AD}.Debug|x64.Build.0 = Debug|x64
		{BBAA95F8-8743-41AC-91FF-ECF39394B3AD}.Debug|x86.ActiveCfg = Debug|Win32
		{BBAA95F8-8743-41AC-91FF-ECF39394B3AD}.Debug|x86.Build.0 = Debug|Win32
		{BBAA95F8-8743-41AC-91FF-ECF39394B3AD}.Release|x64.ActiveCfg = Release|x64
		{BBAA95F8-8743-41AC-91FF-ECF39394B3AD}.Release|x64.Build.0 = Release|x64
		{BBAA95F8-8743-41AC-91FF-ECF39394B3AD}.Release|x86.ActiveCfg = Release|Win32
		{BBAA95F8-8743-41AC-91FF-ECF39394B3AD}.Release|x86.Build.0 = Release|Win32
	EndGlobalSection
	GlobalSection(SolutionProperties) = preSolution
		HideSolutionNode = FALSE
	EndGlobalSection
	GlobalSection(ExtensibilityGlobals) = postSolution
		SolutionGuid = {60354B48-4A53-460C-9AD0-74634AA9AF5D}
	EndGlobalSection
EndGlobal
